
Microsoft Visual Studio Solution File, Format Version 12.00
# Visual Studio 15
VisualStudioVersion = 15.0.27428.2015
MinimumVisualStudioVersion = 10.0.40219.1
Project("{FAE04EC0-301F-11D3-BF4B-00C04F79EFBC}") = "Hospital Stay Costs", "Hospital Stay Costs\Hospital Stay Costs.csproj", "{CE53B41B-6286-442B-8F4D-6DE081560678}"
EndProject
Global
	GlobalSection(SolutionConfigurationPlatforms) = preSolution
		Debug|Any CPU = Debug|Any CPU
		Release|Any CPU = Release|Any CPU
	EndGlobalSection
	GlobalSection(ProjectConfigurationPlatforms) = postSolution
		{CE53B41B-6286-442B-8F4D-6DE081560678}.Debug|Any CPU.ActiveCfg = Debug|Any CPU
		{CE53B41B-6286-442B-8F4D-6DE081560678}.Debug|Any CPU.Build.0 = Debug|Any CPU
		{CE53B41B-6286-442B-8F4D-6DE081560678}.Release|Any CPU.ActiveCfg = Release|Any CPU
		{CE53B41B-6286-442B-8F4D-6DE081560678}.Release|Any CPU.Build.0 = Release|Any CPU
	EndGlobalSection
	GlobalSection(SolutionProperties) = preSolution
		HideSolutionNode = FALSE
	EndGlobalSection
	GlobalSection(ExtensibilityGlobals) = postSolution
		SolutionGuid = {C13E54B1-4D5A-4639-8338-E7F9F054B2AE}
	EndGlobalSection
EndGlobal
